
Microsoft Visual Studio Solution File, Format Version 12.00
Project("{FAE04EC0-301F-11D3-BF4B-00C04F79EFBC}") = "Domain", "Domain\Domain.csproj", "{C57964A0-7713-4D7F-8608-9FA44D5839B7}"
EndProject
Project("{FAE04EC0-301F-11D3-BF4B-00C04F79EFBC}") = "TestsNUnit", "TestsNUnit\TestsNUnit.csproj", "{0FCD47FA-B45B-417C-BA16-38C299CE2F8A}"
EndProject
Project("{FAE04EC0-301F-11D3-BF4B-00C04F79EFBC}") = "TestsXUnit", "TestsXUnit\TestsXUnit.csproj", "{B81B85A3-703E-4E86-AA3B-59B79F5E408D}"
EndProject
Project("{FAE04EC0-301F-11D3-BF4B-00C04F79EFBC}") = "TestsMSTest", "TestsMSTest\TestsMSTest.csproj", "{AE76D928-0A50-4D43-8207-024EA9519BF7}"
EndProject
Global
	GlobalSection(SolutionConfigurationPlatforms) = preSolution
		Debug|Any CPU = Debug|Any CPU
		Release|Any CPU = Release|Any CPU
	EndGlobalSection
	GlobalSection(ProjectConfigurationPlatforms) = postSolution
		{C57964A0-7713-4D7F-8608-9FA44D5839B7}.Debug|Any CPU.ActiveCfg = Debug|Any CPU
		{C57964A0-7713-4D7F-8608-9FA44D5839B7}.Debug|Any CPU.Build.0 = Debug|Any CPU
		{C57964A0-7713-4D7F-8608-9FA44D5839B7}.Release|Any CPU.ActiveCfg = Release|Any CPU
		{C57964A0-7713-4D7F-8608-9FA44D5839B7}.Release|Any CPU.Build.0 = Release|Any CPU
		{0FCD47FA-B45B-417C-BA16-38C299CE2F8A}.Debug|Any CPU.ActiveCfg = Debug|Any CPU
		{0FCD47FA-B45B-417C-BA16-38C299CE2F8A}.Debug|Any CPU.Build.0 = Debug|Any CPU
		{0FCD47FA-B45B-417C-BA16-38C299CE2F8A}.Release|Any CPU.ActiveCfg = Release|Any CPU
		{0FCD47FA-B45B-417C-BA16-38C299CE2F8A}.Release|Any CPU.Build.0 = Release|Any CPU
		{B81B85A3-703E-4E86-AA3B-59B79F5E408D}.Debug|Any CPU.ActiveCfg = Debug|Any CPU
		{B81B85A3-703E-4E86-AA3B-59B79F5E408D}.Debug|Any CPU.Build.0 = Debug|Any CPU
		{B81B85A3-703E-4E86-AA3B-59B79F5E408D}.Release|Any CPU.ActiveCfg = Release|Any CPU
		{B81B85A3-703E-4E86-AA3B-59B79F5E408D}.Release|Any CPU.Build.0 = Release|Any CPU
		{AE76D928-0A50-4D43-8207-024EA9519BF7}.Debug|Any CPU.ActiveCfg = Debug|Any CPU
		{AE76D928-0A50-4D43-8207-024EA9519BF7}.Debug|Any CPU.Build.0 = Debug|Any CPU
		{AE76D928-0A50-4D43-8207-024EA9519BF7}.Release|Any CPU.ActiveCfg = Release|Any CPU
		{AE76D928-0A50-4D43-8207-024EA9519BF7}.Release|Any CPU.Build.0 = Release|Any CPU
	EndGlobalSection
EndGlobal
